// !$*UTF8*$!
{
	archiveVersion = 1;
	classes = {
	};
	objectVersion = 46;
	objects = {

/* Begin PBXBuildFile section */
		A03CF9DC1B9BB98800233E5D /* AppDelegate.swift in Sources */ = {isa = PBXBuildFile; fileRef = A03CF9DB1B9BB98800233E5D /* AppDelegate.swift */; };
		A03CF9DE1B9BB98800233E5D /* ViewController.swift in Sources */ = {isa = PBXBuildFile; fileRef = A03CF9DD1B9BB98800233E5D /* ViewController.swift */; };
		A03CF9E11B9BB98800233E5D /* Main.storyboard in Resources */ = {isa = PBXBuildFile; fileRef = A03CF9DF1B9BB98800233E5D /* Main.storyboard */; };
		A03CF9E31B9BB98800233E5D /* Images.xcassets in Resources */ = {isa = PBXBuildFile; fileRef = A03CF9E21B9BB98800233E5D /* Images.xcassets */; };
		A03CF9E61B9BB98800233E5D /* LaunchScreen.xib in Resources */ = {isa = PBXBuildFile; fileRef = A03CF9E41B9BB98800233E5D /* LaunchScreen.xib */; };
		A03CF9F21B9BB98800233E5D /* MyFirstProjectTests.swift in Sources */ = {isa = PBXBuildFile; fileRef = A03CF9F11B9BB98800233E5D /* MyFirstProjectTests.swift */; };
/* End PBXBuildFile section */

/* Begin PBXContainerItemProxy section */
		A03CF9EC1B9BB98800233E5D /* PBXContainerItemProxy */ = {
			isa = PBXContainerItemProxy;
			containerPortal = A03CF9CE1B9BB98800233E5D /* Project object */;
			proxyType = 1;
			remoteGlobalIDString = A03CF9D51B9BB98800233E5D;
			remoteInfo = MyFirstProject;
		};
/* End PBXContainerItemProxy section */

/* Begin PBXFileReference section */
		A03CF9D61B9BB98800233E5D /* MyFirstProject.app */ = {isa = PBXFileReference; explicitFileType = wrapper.application; includeInIndex = 0; path = MyFirstProject.app; sourceTree = BUILT_PRODUCTS_DIR; };
		A03CF9DA1B9BB98800233E5D /* Info.plist */ = {isa = PBXFileReference; lastKnownFileType = text.plist.xml; path = Info.plist; sourceTree = "<group>"; };
		A03CF9DB1B9BB98800233E5D /* AppDelegate.swift */ = {isa = PBXFileReference; lastKnownFileType = sourcecode.swift; path = AppDelegate.swift; sourceTree = "<group>"; };
		A03CF9DD1B9BB98800233E5D /* ViewController.swift */ = {isa = PBXFileReference; lastKnownFileType = sourcecode.swift; path = ViewController.swift; sourceTree = "<group>"; };
		A03CF9E01B9BB98800233E5D /* Base */ = {isa = PBXFileReference; lastKnownFileType = file.storyboard; name = Base; path = Base.lproj/Main.storyboard; sourceTree = "<group>"; };
		A03CF9E21B9BB98800233E5D /* Images.xcassets */ = {isa = PBXFileReference; lastKnownFileType = folder.assetcatalog; path = Images.xcassets; sourceTree = "<group>"; };
		A03CF9E51B9BB98800233E5D /* Base */ = {isa = PBXFileReference; lastKnownFileType = file.xib; name = Base; path = Base.lproj/LaunchScreen.xib; sourceTree = "<group>"; };
		A03CF9EB1B9BB98800233E5D /* MyFirstProjectTests.xctest */ = {isa = PBXFileReference; explicitFileType = wrapper.cfbundle; includeInIndex = 0; path = MyFirstProjectTests.xctest; sourceTree = BUILT_PRODUCTS_DIR; };
		A03CF9F01B9BB98800233E5D /* Info.plist */ = {isa = PBXFileReference; lastKnownFileType = text.plist.xml; path = Info.plist; sourceTree = "<group>"; };
		A03CF9F11B9BB98800233E5D /* MyFirstProjectTests.swift */ = {isa = PBXFileReference; lastKnownFileType = sourcecode.swift; path = MyFirstProjectTests.swift; sourceTree = "<group>"; };
/* End PBXFileReference section */

/* Begin PBXFrameworksBuildPhase section */
		A03CF9D31B9BB98800233E5D /* Frameworks */ = {
			isa = PBXFrameworksBuildPhase;
			buildActionMask = 2147483647;
			files = (
			);
			runOnlyForDeploymentPostprocessing = 0;
		};
		A03CF9E81B9BB98800233E5D /* Frameworks */ = {
			isa = PBXFrameworksBuildPhase;
			buildActionMask = 2147483647;
			files = (
			);
			runOnlyForDeploymentPostprocessing = 0;
		};
/* End PBXFrameworksBuildPhase section */

/* Begin PBXGroup section */
		A03CF9CD1B9BB98800233E5D = {
			isa = PBXGroup;
			children = (
				A03CF9D81B9BB98800233E5D /* MyFirstProject */,
				A03CF9EE1B9BB98800233E5D /* MyFirstProjectTests */,
				A03CF9D71B9BB98800233E5D /* Products */,
			);
			sourceTree = "<group>";
		};
		A03CF9D71B9BB98800233E5D /* Products */ = {
			isa = PBXGroup;
			children = (
				A03CF9D61B9BB98800233E5D /* MyFirstProject.app */,
				A03CF9EB1B9BB98800233E5D /* MyFirstProjectTests.xctest */,
			);
			name = Products;
			sourceTree = "<group>";
		};
		A03CF9D81B9BB98800233E5D /* MyFirstProject */ = {
			isa = PBXGroup;
			children = (
				A03CF9DB1B9BB98800233E5D /* AppDelegate.swift */,
				A03CF9DD1B9BB98800233E5D /* ViewController.swift */,
				A03CF9DF1B9BB98800233E5D /* Main.storyboard */,
				A03CF9E21B9BB98800233E5D /* Images.xcassets */,
				A03CF9E41B9BB98800233E5D /* LaunchScreen.xib */,
				A03CF9D91B9BB98800233E5D /* Supporting Files */,
			);
			path = MyFirstProject;
			sourceTree = "<group>";
		};
		A03CF9D91B9BB98800233E5D /* Supporting Files */ = {
			isa = PBXGroup;
			children = (
				A03CF9DA1B9BB98800233E5D /* Info.plist */,
			);
			name = "Supporting Files";
			sourceTree = "<group>";
		};
		A03CF9EE1B9BB98800233E5D /* MyFirstProjectTests */ = {
			isa = PBXGroup;
			children = (
				A03CF9F11B9BB98800233E5D /* MyFirstProjectTests.swift */,
				A03CF9EF1B9BB98800233E5D /* Supporting Files */,
			);
			path = MyFirstProjectTests;
			sourceTree = "<group>";
		};
		A03CF9EF1B9BB98800233E5D /* Supporting Files */ = {
			isa = PBXGroup;
			children = (
				A03CF9F01B9BB98800233E5D /* Info.plist */,
			);
			name = "Supporting Files";
			sourceTree = "<group>";
		};
/* End PBXGroup section */

/* Begin PBXNativeTarget section */
		A03CF9D51B9BB98800233E5D /* MyFirstProject */ = {
			isa = PBXNativeTarget;
			buildConfigurationList = A03CF9F51B9BB98800233E5D /* Build configuration list for PBXNativeTarget "MyFirstProject" */;
			buildPhases = (
				A03CF9D21B9BB98800233E5D /* Sources */,
				A03CF9D31B9BB98800233E5D /* Frameworks */,
				A03CF9D41B9BB98800233E5D /* Resources */,
			);
			buildRules = (
			);
			dependencies = (
			);
			name = MyFirstProject;
			productName = MyFirstProject;
			productReference = A03CF9D61B9BB98800233E5D /* MyFirstProject.app */;
			productType = "com.apple.product-type.application";
		};
		A03CF9EA1B9BB98800233E5D /* MyFirstProjectTests */ = {
			isa = PBXNativeTarget;
			buildConfigurationList = A03CF9F81B9BB98800233E5D /* Build configuration list for PBXNativeTarget "MyFirstProjectTests" */;
			buildPhases = (
				A03CF9E71B9BB98800233E5D /* Sources */,
				A03CF9E81B9BB98800233E5D /* Frameworks */,
				A03CF9E91B9BB98800233E5D /* Resources */,
			);
			buildRules = (
			);
			dependencies = (
				A03CF9ED1B9BB98800233E5D /* PBXTargetDependency */,
			);
			name = MyFirstProjectTests;
			productName = MyFirstProjectTests;
			productReference = A03CF9EB1B9BB98800233E5D /* MyFirstProjectTests.xctest */;
			productType = "com.apple.product-type.bundle.unit-test";
		};
/* End PBXNativeTarget section */

/* Begin PBXProject section */
		A03CF9CE1B9BB98800233E5D /* Project object */ = {
			isa = PBXProject;
			attributes = {
				LastUpgradeCheck = 0640;
				ORGANIZATIONNAME = Skyguydaa7;
				TargetAttributes = {
					A03CF9D51B9BB98800233E5D = {
						CreatedOnToolsVersion = 6.4;
					};
					A03CF9EA1B9BB98800233E5D = {
						CreatedOnToolsVersion = 6.4;
						TestTargetID = A03CF9D51B9BB98800233E5D;
					};
				};
			};
			buildConfigurationList = A03CF9D11B9BB98800233E5D /* Build configuration list for PBXProject "MyFirstProject" */;
			compatibilityVersion = "Xcode 3.2";
			developmentRegion = English;
			hasScannedForEncodings = 0;
			knownRegions = (
				en,
				Base,
			);
			mainGroup = A03CF9CD1B9BB98800233E5D;
			productRefGroup = A03CF9D71B9BB98800233E5D /* Products */;
			projectDirPath = "";
			projectRoot = "";
			targets = (
				A03CF9D51B9BB98800233E5D /* MyFirstProject */,
				A03CF9EA1B9BB98800233E5D /* MyFirstProjectTests */,
			);
		};
/* End PBXProject section */

/* Begin PBXResourcesBuildPhase section */
		A03CF9D41B9BB98800233E5D /* Resources */ = {
			isa = PBXResourcesBuildPhase;
			buildActionMask = 2147483647;
			files = (
				A03CF9E11B9BB98800233E5D /* Main.storyboard in Resources */,
				A03CF9E61B9BB98800233E5D /* LaunchScreen.xib in Resources */,
				A03CF9E31B9BB98800233E5D /* Images.xcassets in Resources */,
			);
			runOnlyForDeploymentPostprocessing = 0;
		};
		A03CF9E91B9BB98800233E5D /* Resources */ = {
			isa = PBXResourcesBuildPhase;
			buildActionMask = 2147483647;
			files = (
			);
			runOnlyForDeploymentPostprocessing = 0;
		};
/* End PBXResourcesBuildPhase section */

/* Begin PBXSourcesBuildPhase section */
		A03CF9D21B9BB98800233E5D /* Sources */ = {
			isa = PBXSourcesBuildPhase;
			buildActionMask = 2147483647;
			files = (
				A03CF9DE1B9BB98800233E5D /* ViewController.swift in Sources */,
				A03CF9DC1B9BB98800233E5D /* AppDelegate.swift in Sources */,
			);
			runOnlyForDeploymentPostprocessing = 0;
		};
		A03CF9E71B9BB98800233E5D /* Sources */ = {
			isa = PBXSourcesBuildPhase;
			buildActionMask = 2147483647;
			files = (
				A03CF9F21B9BB98800233E5D /* MyFirstProjectTests.swift in Sources */,
			);
			runOnlyForDeploymentPostprocessing = 0;
		};
/* End PBXSourcesBuildPhase section */

/* Begin PBXTargetDependency section */
		A03CF9ED1B9BB98800233E5D /* PBXTargetDependency */ = {
			isa = PBXTargetDependency;
			target = A03CF9D51B9BB98800233E5D /* MyFirstProject */;
			targetProxy = A03CF9EC1B9BB98800233E5D /* PBXContainerItemProxy */;
		};
/* End PBXTargetDependency section */

/* Begin PBXVariantGroup section */
		A03CF9DF1B9BB98800233E5D /* Main.storyboard */ = {
			isa = PBXVariantGroup;
			children = (
				A03CF9E01B9BB98800233E5D /* Base */,
			);
			name = Main.storyboard;
			sourceTree = "<group>";
		};
		A03CF9E41B9BB98800233E5D /* LaunchScreen.xib */ = {
			isa = PBXVariantGroup;
			children = (
				A03CF9E51B9BB98800233E5D /* Base */,
			);
			name = LaunchScreen.xib;
			sourceTree = "<group>";
		};
/* End PBXVariantGroup section */

/* Begin XCBuildConfiguration section */
		A03CF9F31B9BB98800233E5D /* Debug */ = {
			isa = XCBuildConfiguration;
			buildSettings = {
				ALWAYS_SEARCH_USER_PATHS = NO;
				CLANG_CXX_LANGUAGE_STANDARD = "gnu++0x";
				CLANG_CXX_LIBRARY = "libc++";
				CLANG_ENABLE_MODULES = YES;
				CLANG_ENABLE_OBJC_ARC = YES;
				CLANG_WARN_BOOL_CONVERSION = YES;
				CLANG_WARN_CONSTANT_CONVERSION = YES;
				CLANG_WARN_DIRECT_OBJC_ISA_USAGE = YES_ERROR;
				CLANG_WARN_EMPTY_BODY = YES;
				CLANG_WARN_ENUM_CONVERSION = YES;
				CLANG_WARN_INT_CONVERSION = YES;
				CLANG_WARN_OBJC_ROOT_CLASS = YES_ERROR;
				CLANG_WARN_UNREACHABLE_CODE = YES;
				CLANG_WARN__DUPLICATE_METHOD_MATCH = YES;
				"CODE_SIGN_IDENTITY[sdk=iphoneos*]" = "iPhone Developer";
				COPY_PHASE_STRIP = NO;
				DEBUG_INFORMATION_FORMAT = "dwarf-with-dsym";
				ENABLE_STRICT_OBJC_MSGSEND = YES;
				GCC_C_LANGUAGE_STANDARD = gnu99;
				GCC_DYNAMIC_NO_PIC = NO;
				GCC_NO_COMMON_BLOCKS = YES;
				GCC_OPTIMIZATION_LEVEL = 0;
				GCC_PREPROCESSOR_DEFINITIONS = (
					"DEBUG=1",
					"$(inherited)",
				);
				GCC_SYMBOLS_PRIVATE_EXTERN = NO;
				GCC_WARN_64_TO_32_BIT_CONVERSION = YES;
				GCC_WARN_ABOUT_RETURN_TYPE = YES_ERROR;
				GCC_WARN_UNDECLARED_SELECTOR = YES;
				GCC_WARN_UNINITIALIZED_AUTOS = YES_AGGRESSIVE;
				GCC_WARN_UNUSED_FUNCTION = YES;
				GCC_WARN_UNUSED_VARIABLE = YES;
				IPHONEOS_DEPLOYMENT_TARGET = 8.4;
				MTL_ENABLE_DEBUG_INFO = YES;
				ONLY_ACTIVE_ARCH = YES;
				SDKROOT = iphoneos;
				SWIFT_OPTIMIZATION_LEVEL = "-Onone";
			};
			name = Debug;
		};
		A03CF9F41B9BB98800233E5D /* Release */ = {
			isa = XCBuildConfiguration;
			buildSettings = {
				ALWAYS_SEARCH_USER_PATHS = NO;
				CLANG_CXX_LANGUAGE_STANDARD = "gnu++0x";
				CLANG_CXX_LIBRARY = "libc++";
				CLANG_ENABLE_MODULES = YES;
				CLANG_ENABLE_OBJC_ARC = YES;
				CLANG_WARN_BOOL_CONVERSION = YES;
				CLANG_WARN_CONSTANT_CONVERSION = YES;
				CLANG_WARN_DIRECT_OBJC_ISA_USAGE = YES_ERROR;
				CLANG_WARN_EMPTY_BODY = YES;
				CLANG_WARN_ENUM_CONVERSION = YES;
				CLANG_WARN_INT_CONVERSION = YES;
				CLANG_WARN_OBJC_ROOT_CLASS = YES_ERROR;
				CLANG_WARN_UNREACHABLE_CODE = YES;
				CLANG_WARN__DUPLICATE_METHOD_MATCH = YES;
				"CODE_SIGN_IDENTITY[sdk=iphoneos*]" = "iPhone Developer";
				COPY_PHASE_STRIP = NO;
				DEBUG_INFORMATION_FORMAT = "dwarf-with-dsym";
				ENABLE_NS_ASSERTIONS = NO;
				ENABLE_STRICT_OBJC_MSGSEND = YES;
				GCC_C_LANGUAGE_STANDARD = gnu99;
				GCC_NO_COMMON_BLOCKS = YES;
				GCC_WARN_64_TO_32_BIT_CONVERSION = YES;
				GCC_WARN_ABOUT_RETURN_TYPE = YES_ERROR;
				GCC_WARN_UNDECLARED_SELECTOR = YES;
				GCC_WARN_UNINITIALIZED_AUTOS = YES_AGGRESSIVE;
				GCC_WARN_UNUSED_FUNCTION = YES;
				GCC_WARN_UNUSED_VARIABLE = YES;
				IPHONEOS_DEPLOYMENT_TARGET = 8.4;
				MTL_ENABLE_DEBUG_INFO = NO;
				SDKROOT = iphoneos;
				VALIDATE_PRODUCT = YES;
			};
			name = Release;
		};
		A03CF9F61B9BB98800233E5D /* Debug */ = {
			isa = XCBuildConfiguration;
			buildSettings = {
				ASSETCATALOG_COMPILER_APPICON_NAME = AppIcon;
				INFOPLIST_FILE = MyFirstProject/Info.plist;
				LD_RUNPATH_SEARCH_PATHS = "$(inherited) @executable_path/Frameworks";
				PRODUCT_NAME = "$(TARGET_NAME)";
			};
			name = Debug;
		};
		A03CF9F71B9BB98800233E5D /* Release */ = {
			isa = XCBuildConfiguration;
			buildSettings = {
				ASSETCATALOG_COMPILER_APPICON_NAME = AppIcon;
				INFOPLIST_FILE = MyFirstProject/Info.plist;
				LD_RUNPATH_SEARCH_PATHS = "$(inherited) @executable_path/Frameworks";
				PRODUCT_NAME = "$(TARGET_NAME)";
			};
			name = Release;
		};
		A03CF9F91B9BB98800233E5D /* Debug */ = {
			isa = XCBuildConfiguration;
			buildSettings = {
				BUNDLE_LOADER = "$(TEST_HOST)";
				FRAMEWORK_SEARCH_PATHS = (
					"$(SDKROOT)/Developer/Library/Frameworks",
					"$(inherited)",
				);
				GCC_PREPROCESSOR_DEFINITIONS = (
					"DEBUG=1",
					"$(inherited)",
				);
				INFOPLIST_FILE = MyFirstProjectTests/Info.plist;
				LD_RUNPATH_SEARCH_PATHS = "$(inherited) @executable_path/Frameworks @loader_path/Frameworks";
				PRODUCT_NAME = "$(TARGET_NAME)";
				TEST_HOST = "$(BUILT_PRODUCTS_DIR)/MyFirstProject.app/MyFirstProject";
			};
			name = Debug;
		};
		A03CF9FA1B9BB98800233E5D /* Release */ = {
			isa = XCBuildConfiguration;
			buildSettings = {
				BUNDLE_LOADER = "$(TEST_HOST)";
				FRAMEWORK_SEARCH_PATHS = (
					"$(SDKROOT)/Developer/Library/Frameworks",
					"$(inherited)",
				);
				INFOPLIST_FILE = MyFirstProjectTests/Info.plist;
				LD_RUNPATH_SEARCH_PATHS = "$(inherited) @executable_path/Frameworks @loader_path/Frameworks";
				PRODUCT_NAME = "$(TARGET_NAME)";
				TEST_HOST = "$(BUILT_PRODUCTS_DIR)/MyFirstProject.app/MyFirstProject";
			};
			name = Release;
		};
/* End XCBuildConfiguration section */

/* Begin XCConfigurationList section */
		A03CF9D11B9BB98800233E5D /* Build configuration list for PBXProject "MyFirstProject" */ = {
			isa = XCConfigurationList;
			buildConfigurations = (
				A03CF9F31B9BB98800233E5D /* Debug */,
				A03CF9F41B9BB98800233E5D /* Release */,
			);
			defaultConfigurationIsVisible = 0;
			defaultConfigurationName = Release;
		};
		A03CF9F51B9BB98800233E5D /* Build configuration list for PBXNativeTarget "MyFirstProject" */ = {
			isa = XCConfigurationList;
			buildConfigurations = (
				A03CF9F61B9BB98800233E5D /* Debug */,
				A03CF9F71B9BB98800233E5D /* Release */,
			);
			defaultConfigurationIsVisible = 0;
		};
		A03CF9F81B9BB98800233E5D /* Build configuration list for PBXNativeTarget "MyFirstProjectTests" */ = {
			isa = XCConfigurationList;
			buildConfigurations = (
				A03CF9F91B9BB98800233E5D /* Debug */,
				A03CF9FA1B9BB98800233E5D /* Release */,
			);
			defaultConfigurationIsVisible = 0;
		};
/* End XCConfigurationList section */
	};
	rootObject = A03CF9CE1B9BB98800233E5D /* Project object */;
}
